{
    "_meta": {
        "hash": {
            "sha256": "a2c5a0351e13d90ee11ecc7769f7e79384585418aa85c8c73ea435de2644c68b"
        },
        "pipfile-spec": 6,
        "requires": {
            "python_version": "3.7"
        },
        "sources": [
            {
                "name": "pypi",
                "url": "https://pypi.python.org/simple",
                "verify_ssl": true
            }
        ]
    },
    "default": {
        "cachetools": {
            "hashes": [
                "sha256:219b7dc6024195b6f2bc3d3f884d1fef458745cd323b04165378622dcc823852",
                "sha256:9efcc9fab3b49ab833475702b55edd5ae07af1af7a4c627678980b45e459c460"
            ],
            "version": "==3.1.0"
        },
        "certifi": {
            "hashes": [
                "sha256:59b7658e26ca9c7339e00f8f4636cdfe59d34fa37b9b04f6f9e9926b3cece1a5",
                "sha256:b26104d6835d1f5e49452a26eb2ff87fe7090b89dfcaee5ea2212697e1e1d7ae"
            ],
            "version": "==2019.3.9"
        },
        "chardet": {
            "hashes": [
                "sha256:84ab92ed1c4d4f16916e05906b6b75a6c0fb5db821cc65e70cbd64a3e2a5eaae",
                "sha256:fc323ffcaeaed0e0a02bf4d117757b98aed530d9ed4531e3e15460124c106691"
            ],
            "version": "==3.0.4"
        },
        "click": {
            "hashes": [
                "sha256:29f99fc6125fbc931b758dc053b3114e55c77a6e4c6c3a2674a2dc986016381d",
                "sha256:f15516df478d5a56180fbf80e68f206010e6d160fc39fa508b65e035fd75130b"
            ],
            "index": "pypi",
            "version": "==6.7"
        },
        "future": {
            "hashes": [
                "sha256:67045236dcfd6816dc439556d009594abf643e5eb48992e36beac09c2ca659b8"
            ],
            "version": "==0.17.1"
        },
        "google-api-python-client": {
            "hashes": [
                "sha256:06907006ed5ce831018f03af3852d739c0b2489cdacfda6971bcc2075c762858",
                "sha256:937eabdc3940977f712fa648a096a5142766b6d0a0f58bc603e2ac0687397ef0"
            ],
            "index": "pypi",
            "version": "==1.7.8"
        },
        "google-auth": {
            "hashes": [
                "sha256:0f7c6a64927d34c1a474da92cfc59e552a5d3b940d3266606c6a28b72888b9e4",
                "sha256:20705f6803fd2c4d1cc2dcb0df09d4dfcb9a7d51fd59e94a3a28231fd93119ed"
            ],
            "version": "==1.6.3"
        },
        "google-auth-httplib2": {
            "hashes": [
                "sha256:098fade613c25b4527b2c08fa42d11f3c2037dda8995d86de0745228e965d445",
                "sha256:f1c437842155680cf9918df9bc51c1182fda41feef88c34004bd1978c8157e08"
            ],
            "version": "==0.0.3"
        },
        "httplib2": {
            "hashes": [
                "sha256:23914b5487dfe8ef09db6656d6d63afb0cf3054ad9ebc50868ddc8e166b5f8e8",
                "sha256:a18121c7c72a56689efbf1aef990139ad940fee1e64c6f2458831736cd593600"
            ],
            "version": "==0.12.3"
        },
        "idna": {
            "hashes": [
                "sha256:c357b3f628cf53ae2c4c05627ecc484553142ca23264e593d327bcde5e9c3407",
                "sha256:ea8b7f6188e6fa117537c3df7da9fc686d485087abf6ac197f9c46432f7e4a3c"
            ],
            "version": "==2.8"
        },
        "justbackoff": {
            "hashes": [
                "sha256:59dbc027e9f684cc1d89348178b68063ff2ca8db0f5db23f79aa765083a4ed99"
            ],
            "index": "pypi",
            "version": "==0.4.0"
        },
        "keyring": {
            "hashes": [
                "sha256:2510768eedf6a8fb4fe7a392cb1161e7ca8c93f4349c4757881850c2118a1f98",
                "sha256:dd7dd8f9dc24abf7dae9655beed6d2e1f720b0ff18fd292847e79a2e62cd0211"
            ],
            "version": "==8.7"
        },
        "keyrings.alt": {
            "hashes": [
                "sha256:c3bcae27bb890576b5a68e3f189346b82f3058b784d39d29b40be7484ffff1e4",
                "sha256:c410c7db7702de632fb0a1debb9799283ac8e6715bde7b93c6657cd31fa17d56"
            ],
            "version": "==1.3"
        },
        "oauth2client": {
            "hashes": [
                "sha256:b8a81cc5d60e2d364f0b1b98f958dbd472887acaf1a5b05e21c28c31a2d6d3ac",
                "sha256:d486741e451287f69568a4d26d70d9acd73a2bbfa275746c535b4209891cccc6"
            ],
            "index": "pypi",
            "version": "==4.1.3"
        },
        "pyasn1": {
            "hashes": [
                "sha256:061442c60842f6d11051d4fdae9bc197b64bd41573a12234a753a0cb80b4f30b",
                "sha256:0ee2449bf4c4e535823acc25624c45a8b454f328d59d3f3eeb82d3567100b9bd",
                "sha256:5f9fb05c33e53b9a6ee3b1ed1d292043f83df465852bec876e93b47fd2df7eed",
                "sha256:65201d28e081f690a32401e6253cca4449ccacc8f3988e811fae66bd822910ee",
                "sha256:79b336b073a52fa3c3d8728e78fa56b7d03138ef59f44084de5f39650265b5ff",
                "sha256:8ec20f61483764de281e0b4aba7d12716189700debcfa9e7935780850bf527f3",
                "sha256:9458d0273f95d035de4c0d5e0643f25daba330582cc71bb554fe6969c015042a",
                "sha256:98d97a1833a29ca61cd04a60414def8f02f406d732f9f0bcb49f769faff1b699",
                "sha256:b00d7bfb6603517e189d1ad76967c7e805139f63e43096e5f871d1277f50aea5",
                "sha256:b06c0cfd708b806ea025426aace45551f91ea7f557e0c2d4fbd9a4b346873ce0",
                "sha256:d14d05984581770333731690f5453efd4b82e1e5d824a1d7976b868a2e5c38e8",
                "sha256:da2420fe13a9452d8ae97a0e478adde1dee153b11ba832a95b223a2ba01c10f7",
                "sha256:da6b43a8c9ae93bc80e2739efb38cc776ba74a886e3e9318d65fe81a8b8a2c6e"
            ],
            "version": "==0.4.5"
        },
        "pyasn1-modules": {
            "hashes": [
                "sha256:230730c6e63d283df75459b1b791d73648f801fd46ffcc9eb1abd16c67dfa3a6",
                "sha256:27f09b212203f820bc982937bd41952e856610dbd7c48d9366e8e63a551824c8",
                "sha256:490ed2974883c6e3d0ee53f53b32427f29ea030345c11d690788d1ed31ed666b",
                "sha256:49663b587853cd8783427d2fd115c862916bdd3c01656a8110ecd1950699e28f",
                "sha256:4df864e4dd01e600ffe280191a6630bb5b86d46382c1bcec4d03a700cb35c8b9",
                "sha256:6eeef742c31e285c23ebef32d8e0fee5e4ee1a563bb5171684621165b7e65627",
                "sha256:d1c66c80615ee74b1f3867d31b14e81f5f961a0e1afe5429838f21b5065d0161",
                "sha256:d7aa971a8cd79482ec5ae98705b54fdfaf834c24ed93ebc83f422c7700412b47",
                "sha256:e573fcf31e72c2ede48a58c8559fe9083cd007623c99a3eaf0c8f5719c09a2f8",
                "sha256:e980f089e3ec8116d6a5154c80f002ca941ad3446b5048a5b6d225f24ded85bb",
                "sha256:ef721f68f7951fab9b0404d42590f479e30d9005daccb1699b0a51bb4177db96",
                "sha256:f01c6899938f635b2ff4d158e760625416e20f03c612cfc9da7e97798c84e916",
                "sha256:f309b6c94724aeaf7ca583feb1cc70430e10d7551de5e36edfc1ae6909bcfb3c"
            ],
            "version": "==0.2.5"
        },
        "pyicloud": {
            "editable": true,
            "git": "https://github.com/picklepete/pyicloud",
            "ref": "9bb6d750662ce24c8febc94807ddbdcdf3cadaa2"
        },
        "python-dateutil": {
            "hashes": [
                "sha256:7e6584c74aeed623791615e26efd690f29817a27c73085b78e4bad02493df2fb",
                "sha256:c89805f6f4d64db21ed966fda138f8a5ed7a4fdbc1a8ee329ce1b74e3c74da9e"
            ],
            "index": "pypi",
            "version": "==2.8.0"
        },
        "pytz": {
            "hashes": [
                "sha256:303879e36b721603cc54604edcac9d20401bdbe31e1e4fdee5b9f98d5d31dfda",
                "sha256:d747dd3d23d77ef44c6a3526e274af6efeb0a6f1afd5a69ba4d5be4098c8e141"
            ],
            "version": "==2019.1"
        },
        "requests": {
            "hashes": [
                "sha256:502a824f31acdacb3a35b6690b5fbf0bc41d63a24a45c4004352b0242707598e",
                "sha256:7bf2a778576d825600030a110f3c0e3e8edc51dfaafe1c146e39a2027784957b"
            ],
            "version": "==2.21.0"
        },
        "rsa": {
            "hashes": [
                "sha256:14ba45700ff1ec9eeb206a2ce76b32814958a98e372006c8fb76ba820211be66",
                "sha256:1a836406405730121ae9823e19c6e806c62bbad73f890574fff50efa4122c487"
            ],
            "version": "==4.0"
        },
        "six": {
            "hashes": [
                "sha256:3350809f0555b11f552448330d0b52d5f24c91a322ea4a15ef22629740f3761c",
                "sha256:d16a0141ec1a18405cd4ce8b4613101da75da0e9a7aec5bdd4fa804d0e0eba73"
            ],
            "version": "==1.12.0"
        },
        "structlog": {
            "hashes": [
                "sha256:5feae03167620824d3ae3e8915ea8589fc28d1ad6f3edf3cc90ed7c7cb33fab5",
                "sha256:db441b81c65b0f104a7ce5d86c5432be099956b98b8a2c8be0b3fb3a7a0b1536"
            ],
            "index": "pypi",
            "version": "==19.1.0"
        },
        "tzlocal": {
            "hashes": [
                "sha256:4ebeb848845ac898da6519b9b31879cf13b6626f7184c496037b818e238f2c4e"
            ],
            "version": "==1.5.1"
        },
        "uritemplate": {
            "hashes": [
                "sha256:01c69f4fe8ed503b2951bef85d996a9d22434d2431584b5b107b2981ff416fbd",
                "sha256:1b9c467a940ce9fb9f50df819e8ddd14696f89b9a8cc87ac77952ba416e0a8fd",
                "sha256:c02643cebe23fc8adb5e6becffe201185bf06c40bda5c0b4028a93f1527d011d"
            ],
            "version": "==3.0.0"
        },
        "urllib3": {
            "hashes": [
                "sha256:4c291ca23bbb55c76518905869ef34bdd5f0e46af7afe6861e8375643ffee1a0",
                "sha256:9a247273df709c4fedb38c711e44292304f73f39ab01beda9f6b9fc375669ac3"
            ],
            "version": "==1.24.2"
        }
    },
    "develop": {}
}
