{
    "_meta": {
        "hash": {
            "sha256": "a2c5a0351e13d90ee11ecc7769f7e79384585418aa85c8c73ea435de2644c68b"
        },
        "pipfile-spec": 6,
        "requires": {
            "python_version": "3.7"
        },
        "sources": [
            {
                "name": "pypi",
                "url": "https://pypi.python.org/simple",
                "verify_ssl": true
            }
        ]
    },
    "default": {
        "cachetools": {
            "hashes": [
                "sha256:2cc0b89715337ab6dbba85b5b50effe2b0c74e035d83ee8ed637cf52f12ae001",
                "sha256:61b5ed1e22a0924aed1d23b478f37e8d52549ff8a961de2909c69bf950020cff"
            ],
            "version": "==4.2.2"
        },
        "certifi": {
            "hashes": [
                "sha256:2bbf76fd432960138b3ef6dda3dde0544f27cbf8546c458e60baf371917ba9ee",
                "sha256:50b1e4f8446b06f41be7dd6338db18e0990601dce795c2b1686458aa7e8fa7d8"
            ],
            "version": "==2021.5.30"
        },
        "chardet": {
            "hashes": [
                "sha256:0d6f53a15db4120f2b08c94f11e7d93d2c911ee118b6b30a04ec3ee8310179fa",
                "sha256:f864054d66fd9118f2e67044ac8981a54775ec5b67aed0441892edb553d21da5"
            ],
            "version": "==4.0.0"
        },
        "click": {
            "hashes": [
                "sha256:29f99fc6125fbc931b758dc053b3114e55c77a6e4c6c3a2674a2dc986016381d",
                "sha256:f15516df478d5a56180fbf80e68f206010e6d160fc39fa508b65e035fd75130b"
            ],
            "index": "pypi",
            "version": "==6.7"
        },
        "future": {
            "hashes": [
                "sha256:b1bead90b70cf6ec3f0710ae53a525360fa360d306a86583adc6bf83a4db537d"
            ],
            "version": "==0.18.2"
        },
        "google-api-python-client": {
            "hashes": [
                "sha256:2e55a5c7b56233c68945b6804c73e253445933f4d485d4e69e321b38772b9dd6",
                "sha256:60f2ac2f27997d9af10ae126d9937b7d8c1fd061d12668ccaf94b4347ee85021"
            ],
            "index": "pypi",
            "version": "==1.7.10"
        },
        "google-auth": {
            "hashes": [
                "sha256:044d81b1e58012f8ebc71cc134e191c1fa312f543f1fbc99973afe28c25e3228",
                "sha256:b3ca7a8ff9ab3bdefee3ad5aefb11fc6485423767eee016f5942d8e606ca23fb"
            ],
            "version": "==1.30.1"
        },
        "google-auth-httplib2": {
            "hashes": [
                "sha256:31e49c36c6b5643b57e82617cb3e021e3e1d2df9da63af67252c02fa9c1f4a10",
                "sha256:a07c39fd632becacd3f07718dfd6021bf396978f03ad3ce4321d060015cc30ac"
            ],
            "version": "==0.1.0"
        },
        "httplib2": {
            "hashes": [
                "sha256:0b12617eeca7433d4c396a100eaecfa4b08ee99aa881e6df6e257a7aad5d533d",
                "sha256:2ad195faf9faf079723f6714926e9a9061f694d07724b846658ce08d40f522b4"
            ],
            "version": "==0.19.1"
        },
        "idna": {
            "hashes": [
                "sha256:b307872f855b18632ce0c21c5e45be78c0ea7ae4c15c828c20788b26921eb3f6",
                "sha256:b97d804b1e9b523befed77c48dacec60e6dcb0b5391d57af6a65a312a90648c0"
            ],
            "version": "==2.10"
        },
        "justbackoff": {
            "hashes": [
                "sha256:57c8d7419975eef8a216c2d48892e09f8e0fcef6d58e62effd770ee6da762071",
                "sha256:a21b918bd4a8da486c0780bcbd0e8b4e43b9e76d469e9a3287ffbc73c6712025"
            ],
            "index": "pypi",
            "version": "==0.5.0"
        },
        "keyring": {
            "hashes": [
                "sha256:2510768eedf6a8fb4fe7a392cb1161e7ca8c93f4349c4757881850c2118a1f98",
                "sha256:dd7dd8f9dc24abf7dae9655beed6d2e1f720b0ff18fd292847e79a2e62cd0211"
            ],
            "version": "==8.7"
        },
        "keyrings.alt": {
            "hashes": [
                "sha256:c3bcae27bb890576b5a68e3f189346b82f3058b784d39d29b40be7484ffff1e4",
                "sha256:c410c7db7702de632fb0a1debb9799283ac8e6715bde7b93c6657cd31fa17d56"
            ],
            "version": "==1.3"
        },
        "oauth2client": {
            "hashes": [
                "sha256:b8a81cc5d60e2d364f0b1b98f958dbd472887acaf1a5b05e21c28c31a2d6d3ac",
                "sha256:d486741e451287f69568a4d26d70d9acd73a2bbfa275746c535b4209891cccc6"
            ],
            "index": "pypi",
            "version": "==4.1.3"
        },
        "pyasn1": {
            "hashes": [
                "sha256:39c7e2ec30515947ff4e87fb6f456dfc6e84857d34be479c9d4a4ba4bf46aa5d",
                "sha256:aef77c9fb94a3ac588e87841208bdec464471d9871bd5050a287cc9a475cd0ba"
            ],
            "version": "==0.4.8"
        },
        "pyasn1-modules": {
            "hashes": [
                "sha256:905f84c712230b2c592c19470d3ca8d552de726050d1d1716282a1f6146be65e",
                "sha256:a50b808ffeb97cb3601dd25981f6b016cbb3d31fbf57a8b8a87428e6158d0c74"
            ],
            "version": "==0.2.8"
        },
        "pyicloud": {
            "editable": true,
            "git": "https://github.com/picklepete/pyicloud",
            "ref": "9bb6d750662ce24c8febc94807ddbdcdf3cadaa2"
        },
        "pyparsing": {
            "hashes": [
                "sha256:c203ec8783bf771a155b207279b9bccb8dea02d8f0c9e5f8ead507bc3246ecc1",
                "sha256:ef9d7589ef3c200abe66653d3f1ab1033c3c419ae9b9bdb1240a85b024efc88b"
            ],
            "version": "==2.4.7"
        },
        "python-dateutil": {
            "hashes": [
                "sha256:7e6584c74aeed623791615e26efd690f29817a27c73085b78e4bad02493df2fb",
                "sha256:c89805f6f4d64db21ed966fda138f8a5ed7a4fdbc1a8ee329ce1b74e3c74da9e"
            ],
            "index": "pypi",
            "version": "==2.8.0"
        },
        "pytz": {
            "hashes": [
                "sha256:83a4a90894bf38e243cf052c8b58f381bfe9a7a483f6a9cab140bc7f702ac4da",
                "sha256:eb10ce3e7736052ed3623d49975ce333bcd712c7bb19a58b9e2089d4057d0798"
            ],
            "version": "==2021.1"
        },
        "requests": {
            "hashes": [
                "sha256:27973dd4a904a4f13b263a19c866c13b92a39ed1c964655f025f3f8d3d75b804",
                "sha256:c210084e36a42ae6b9219e00e48287def368a26d03a048ddad7bfee44f75871e"
            ],
            "version": "==2.25.1"
        },
        "rsa": {
            "hashes": [
                "sha256:78f9a9bf4e7be0c5ded4583326e7461e3a3c5aae24073648b4bdfa797d78c9d2",
                "sha256:9d689e6ca1b3038bc82bf8d23e944b6b6037bc02301a574935b2dd946e0353b9"
            ],
            "markers": "python_version >= '3.6'",
            "version": "==4.7.2"
        },
        "six": {
            "hashes": [
                "sha256:1e61c37477a1626458e36f7b1d82aa5c9b094fa4802892072e49de9c60c4c926",
                "sha256:8abb2f1d86890a2dfb989f9a77cfcfd3e47c2a354b01111771326f8aa26e0254"
            ],
            "version": "==1.16.0"
        },
        "structlog": {
            "hashes": [
                "sha256:5feae03167620824d3ae3e8915ea8589fc28d1ad6f3edf3cc90ed7c7cb33fab5",
                "sha256:db441b81c65b0f104a7ce5d86c5432be099956b98b8a2c8be0b3fb3a7a0b1536"
            ],
            "index": "pypi",
            "version": "==19.1.0"
        },
        "tzlocal": {
            "hashes": [
                "sha256:643c97c5294aedc737780a49d9df30889321cbe1204eac2c2ec6134035a92e44",
                "sha256:e2cb6c6b5b604af38597403e9852872d7f534962ae2954c7f35efcb1ccacf4a4"
            ],
            "version": "==2.1"
        },
        "uritemplate": {
            "hashes": [
                "sha256:07620c3f3f8eed1f12600845892b0e036a2420acf513c53f7de0abd911a5894f",
                "sha256:5af8ad10cec94f215e3f48112de2022e1d5a37ed427fbd88652fa908f2ab7cae"
            ],
            "version": "==3.0.1"
        },
        "urllib3": {
            "hashes": [
                "sha256:753a0374df26658f99d826cfe40394a686d05985786d946fbe4165b5148f5a7c",
                "sha256:a7acd0977125325f516bda9735fa7142b909a8d01e8b2e4c8108d0984e6e0098"
            ],
            "index": "pypi",
            "version": "==1.26.5"
        }
    },
    "develop": {}
}
